<Solution>
  <Configurations>
    <Platform Name="Any CPU" />
    <Platform Name="x64" />
    <Platform Name="x86" />
  </Configurations>
  <Project Path="WarehouseAPI/WarehouseAPI.csproj" />
  <Project Path="WarehouseCore/WarehouseCore.csproj" />
  <Project Path="WarehouseDataAccess/WarehouseDataAccess.csproj" />
  <Project Path="WarehouseServices/WarehouseServices.csproj" />
</Solution>
