
Microsoft Visual Studio Solution File, Format Version 12.00
# Visual Studio Version 17
VisualStudioVersion = 17.0.31903.59
MinimumVisualStudioVersion = 10.0.40219.1
Project("{FAE04EC0-301F-11D3-BF4B-00C04F79EFBC}") = "WarehouseDataAccess", "WarehouseDataAccess\WarehouseDataAccess.csproj", "{02D5278D-952C-4B3C-A2A5-0A5F4CD9CC34}"
EndProject
Project("{FAE04EC0-301F-11D3-BF4B-00C04F79EFBC}") = "WarehouseServices", "WarehouseServices\WarehouseServices.csproj", "{C8DB94EE-A6DD-462F-BA6B-D6BDD4844588}"
EndProject
Project("{FAE04EC0-301F-11D3-BF4B-00C04F79EFBC}") = "WarehouseCore", "WarehouseCore\WarehouseCore.csproj", "{496C8BA1-77AD-4C66-820E-C91254712A7D}"
EndProject
Project("{FAE04EC0-301F-11D3-BF4B-00C04F79EFBC}") = "WarehouseAPI", "WarehouseAPI\WarehouseAPI.csproj", "{8AEC12B3-9161-44F4-B7E3-9BBA9D18965D}"
EndProject
Global
	GlobalSection(SolutionConfigurationPlatforms) = preSolution
		Debug|Any CPU = Debug|Any CPU
		Debug|x64 = Debug|x64
		Debug|x86 = Debug|x86
		Release|Any CPU = Release|Any CPU
		Release|x64 = Release|x64
		Release|x86 = Release|x86
	EndGlobalSection
	GlobalSection(ProjectConfigurationPlatforms) = postSolution
		{02D5278D-952C-4B3C-A2A5-0A5F4CD9CC34}.Debug|Any CPU.ActiveCfg = Debug|Any CPU
		{02D5278D-952C-4B3C-A2A5-0A5F4CD9CC34}.Debug|Any CPU.Build.0 = Debug|Any CPU
		{02D5278D-952C-4B3C-A2A5-0A5F4CD9CC34}.Debug|x64.ActiveCfg = Debug|Any CPU
		{02D5278D-952C-4B3C-A2A5-0A5F4CD9CC34}.Debug|x64.Build.0 = Debug|Any CPU
		{02D5278D-952C-4B3C-A2A5-0A5F4CD9CC34}.Debug|x86.ActiveCfg = Debug|Any CPU
		{02D5278D-952C-4B3C-A2A5-0A5F4CD9CC34}.Debug|x86.Build.0 = Debug|Any CPU
		{02D5278D-952C-4B3C-A2A5-0A5F4CD9CC34}.Release|Any CPU.ActiveCfg = Release|Any CPU
		{02D5278D-952C-4B3C-A2A5-0A5F4CD9CC34}.Release|Any CPU.Build.0 = Release|Any CPU
		{02D5278D-952C-4B3C-A2A5-0A5F4CD9CC34}.Release|x64.ActiveCfg = Release|Any CPU
		{02D5278D-952C-4B3C-A2A5-0A5F4CD9CC34}.Release|x64.Build.0 = Release|Any CPU
		{02D5278D-952C-4B3C-A2A5-0A5F4CD9CC34}.Release|x86.ActiveCfg = Release|Any CPU
		{02D5278D-952C-4B3C-A2A5-0A5F4CD9CC34}.Release|x86.Build.0 = Release|Any CPU
		{C8DB94EE-A6DD-462F-BA6B-D6BDD4844588}.Debug|Any CPU.ActiveCfg = Debug|Any CPU
		{C8DB94EE-A6DD-462F-BA6B-D6BDD4844588}.Debug|Any CPU.Build.0 = Debug|Any CPU
		{C8DB94EE-A6DD-462F-BA6B-D6BDD4844588}.Debug|x64.ActiveCfg = Debug|Any CPU
		{C8DB94EE-A6DD-462F-BA6B-D6BDD4844588}.Debug|x64.Build.0 = Debug|Any CPU
		{C8DB94EE-A6DD-462F-BA6B-D6BDD4844588}.Debug|x86.ActiveCfg = Debug|Any CPU
		{C8DB94EE-A6DD-462F-BA6B-D6BDD4844588}.Debug|x86.Build.0 = Debug|Any CPU
		{C8DB94EE-A6DD-462F-BA6B-D6BDD4844588}.Release|Any CPU.ActiveCfg = Release|Any CPU
		{C8DB94EE-A6DD-462F-BA6B-D6BDD4844588}.Release|Any CPU.Build.0 = Release|Any CPU
		{C8DB94EE-A6DD-462F-BA6B-D6BDD4844588}.Release|x64.ActiveCfg = Release|Any CPU
		{C8DB94EE-A6DD-462F-BA6B-D6BDD4844588}.Release|x64.Build.0 = Release|Any CPU
		{C8DB94EE-A6DD-462F-BA6B-D6BDD4844588}.Release|x86.ActiveCfg = Release|Any CPU
		{C8DB94EE-A6DD-462F-BA6B-D6BDD4844588}.Release|x86.Build.0 = Release|Any CPU
		{496C8BA1-77AD-4C66-820E-C91254712A7D}.Debug|Any CPU.ActiveCfg = Debug|Any CPU
		{496C8BA1-77AD-4C66-820E-C91254712A7D}.Debug|Any CPU.Build.0 = Debug|Any CPU
		{496C8BA1-77AD-4C66-820E-C91254712A7D}.Debug|x64.ActiveCfg = Debug|Any CPU
		{496C8BA1-77AD-4C66-820E-C91254712A7D}.Debug|x64.Build.0 = Debug|Any CPU
		{496C8BA1-77AD-4C66-820E-C91254712A7D}.Debug|x86.ActiveCfg = Debug|Any CPU
		{496C8BA1-77AD-4C66-820E-C91254712A7D}.Debug|x86.Build.0 = Debug|Any CPU
		{496C8BA1-77AD-4C66-820E-C91254712A7D}.Release|Any CPU.ActiveCfg = Release|Any CPU
		{496C8BA1-77AD-4C66-820E-C91254712A7D}.Release|Any CPU.Build.0 = Release|Any CPU
		{496C8BA1-77AD-4C66-820E-C91254712A7D}.Release|x64.ActiveCfg = Release|Any CPU
		{496C8BA1-77AD-4C66-820E-C91254712A7D}.Release|x64.Build.0 = Release|Any CPU
		{496C8BA1-77AD-4C66-820E-C91254712A7D}.Release|x86.ActiveCfg = Release|Any CPU
		{496C8BA1-77AD-4C66-820E-C91254712A7D}.Release|x86.Build.0 = Release|Any CPU
		{8AEC12B3-9161-44F4-B7E3-9BBA9D18965D}.Debug|Any CPU.ActiveCfg = Debug|Any CPU
		{8AEC12B3-9161-44F4-B7E3-9BBA9D18965D}.Debug|Any CPU.Build.0 = Debug|Any CPU
		{8AEC12B3-9161-44F4-B7E3-9BBA9D18965D}.Debug|x64.ActiveCfg = Debug|Any CPU
		{8AEC12B3-9161-44F4-B7E3-9BBA9D18965D}.Debug|x64.Build.0 = Debug|Any CPU
		{8AEC12B3-9161-44F4-B7E3-9BBA9D18965D}.Debug|x86.ActiveCfg = Debug|Any CPU
		{8AEC12B3-9161-44F4-B7E3-9BBA9D18965D}.Debug|x86.Build.0 = Debug|Any CPU
		{8AEC12B3-9161-44F4-B7E3-9BBA9D18965D}.Release|Any CPU.ActiveCfg = Release|Any CPU
		{8AEC12B3-9161-44F4-B7E3-9BBA9D18965D}.Release|Any CPU.Build.0 = Release|Any CPU
		{8AEC12B3-9161-44F4-B7E3-9BBA9D18965D}.Release|x64.ActiveCfg = Release|Any CPU
		{8AEC12B3-9161-44F4-B7E3-9BBA9D18965D}.Release|x64.Build.0 = Release|Any CPU
		{8AEC12B3-9161-44F4-B7E3-9BBA9D18965D}.Release|x86.ActiveCfg = Release|Any CPU
		{8AEC12B3-9161-44F4-B7E3-9BBA9D18965D}.Release|x86.Build.0 = Release|Any CPU
	EndGlobalSection
	GlobalSection(SolutionProperties) = preSolution
		HideSolutionNode = FALSE
	EndGlobalSection
EndGlobal
